
Microsoft Visual Studio Solution File, Format Version 12.00
# Visual Studio Version 16
VisualStudioVersion = 16.0.29306.81
MinimumVisualStudioVersion = 10.0.40219.1
Project("{FAE04EC0-301F-11D3-BF4B-00C04F79EFBC}") = "Test_for_task_1", "Test_for_task_1\Test_for_task_1.csproj", "{87B0AEDF-6767-47EF-B77C-E8BA8F03A674}"
EndProject
Project("{FAE04EC0-301F-11D3-BF4B-00C04F79EFBC}") = "UnitTestForTask1", "UnitTestForTask1\UnitTestForTask1.csproj", "{38E7A629-34DF-4D50-B959-03A5E3303CA9}"
EndProject
Global
	GlobalSection(SolutionConfigurationPlatforms) = preSolution
		Debug|Any CPU = Debug|Any CPU
		Release|Any CPU = Release|Any CPU
	EndGlobalSection
	GlobalSection(ProjectConfigurationPlatforms) = postSolution
		{87B0AEDF-6767-47EF-B77C-E8BA8F03A674}.Debug|Any CPU.ActiveCfg = Debug|Any CPU
		{87B0AEDF-6767-47EF-B77C-E8BA8F03A674}.Debug|Any CPU.Build.0 = Debug|Any CPU
		{87B0AEDF-6767-47EF-B77C-E8BA8F03A674}.Release|Any CPU.ActiveCfg = Release|Any CPU
		{87B0AEDF-6767-47EF-B77C-E8BA8F03A674}.Release|Any CPU.Build.0 = Release|Any CPU
		{38E7A629-34DF-4D50-B959-03A5E3303CA9}.Debug|Any CPU.ActiveCfg = Debug|Any CPU
		{38E7A629-34DF-4D50-B959-03A5E3303CA9}.Debug|Any CPU.Build.0 = Debug|Any CPU
		{38E7A629-34DF-4D50-B959-03A5E3303CA9}.Release|Any CPU.ActiveCfg = Release|Any CPU
		{38E7A629-34DF-4D50-B959-03A5E3303CA9}.Release|Any CPU.Build.0 = Release|Any CPU
	EndGlobalSection
	GlobalSection(SolutionProperties) = preSolution
		HideSolutionNode = FALSE
	EndGlobalSection
	GlobalSection(ExtensibilityGlobals) = postSolution
		SolutionGuid = {30F6D87F-63AE-47E2-A7FE-F6E3F2B41A63}
	EndGlobalSection
EndGlobal
